Microsoft Visual Studio Solution File, Format Version 7.00
Project("{8BC9CEB8-8B4A-11D0-8D11-00A0C91BC942}") = "nesterJ", "nesterJ.vcproj", "{74DF9768-D87D-4E04-BDB7-E0A4FA26C8C1}"
EndProject
Global
	GlobalSection(SolutionConfiguration) = preSolution
		ConfigName.0 = Debug
		ConfigName.1 = Debug_English
		ConfigName.2 = Release
		ConfigName.3 = Release_English
	EndGlobalSection
	GlobalSection(ProjectDependencies) = postSolution
	EndGlobalSection
	GlobalSection(ProjectConfiguration) = postSolution
		{74DF9768-D87D-4E04-BDB7-E0A4FA26C8C1}.Debug.ActiveCfg = Debug|Win32
		{74DF9768-D87D-4E04-BDB7-E0A4FA26C8C1}.Debug.Build.0 = Debug|Win32
		{74DF9768-D87D-4E04-BDB7-E0A4FA26C8C1}.Debug_English.ActiveCfg = Debug_English|Win32
		{74DF9768-D87D-4E04-BDB7-E0A4FA26C8C1}.Debug_English.Build.0 = Debug_English|Win32
		{74DF9768-D87D-4E04-BDB7-E0A4FA26C8C1}.Release.ActiveCfg = Release|Win32
		{74DF9768-D87D-4E04-BDB7-E0A4FA26C8C1}.Release.Build.0 = Release|Win32
		{74DF9768-D87D-4E04-BDB7-E0A4FA26C8C1}.Release_English.ActiveCfg = Release_English|Win32
		{74DF9768-D87D-4E04-BDB7-E0A4FA26C8C1}.Release_English.Build.0 = Release_English|Win32
	EndGlobalSection
	GlobalSection(ExtensibilityGlobals) = postSolution
	EndGlobalSection
	GlobalSection(ExtensibilityAddIns) = postSolution
	EndGlobalSection
EndGlobal
